
Microsoft Visual Studio Solution File, Format Version 12.00
# Visual Studio 15
VisualStudioVersion = 15.0.27428.2043
MinimumVisualStudioVersion = 10.0.40219.1
Project("{888888A0-9F3D-457C-B088-3A5042F75D52}") = "DjangoWebProject1", "DjangoWebProject1\DjangoWebProject1.pyproj", "{46A47F7B-A4CC-4816-9DCC-3DA12F614ADA}"
EndProject
Global
	GlobalSection(SolutionConfigurationPlatforms) = preSolution
		Debug|Any CPU = Debug|Any CPU
		Release|Any CPU = Release|Any CPU
	EndGlobalSection
	GlobalSection(ProjectConfigurationPlatforms) = postSolution
		{46A47F7B-A4CC-4816-9DCC-3DA12F614ADA}.Debug|Any CPU.ActiveCfg = Debug|Any CPU
		{46A47F7B-A4CC-4816-9DCC-3DA12F614ADA}.Debug|Any CPU.Build.0 = Debug|Any CPU
		{46A47F7B-A4CC-4816-9DCC-3DA12F614ADA}.Release|Any CPU.ActiveCfg = Release|Any CPU
		{46A47F7B-A4CC-4816-9DCC-3DA12F614ADA}.Release|Any CPU.Build.0 = Release|Any CPU
	EndGlobalSection
	GlobalSection(SolutionProperties) = preSolution
		HideSolutionNode = FALSE
	EndGlobalSection
	GlobalSection(ExtensibilityGlobals) = postSolution
		SolutionGuid = {0117E61C-15F0-4C03-B612-FCE3CFB9FAB6}
	EndGlobalSection
EndGlobal
